# This file is @generated by PDM.
# It is not intended for manual editing.

[[package]]
name = "pyside6"
version = "6.4.3"
requires_python = "<3.12,>=3.7"
summary = "Python bindings for the Qt cross-platform application and UI framework"
dependencies = [
    "PySide6-Addons==6.4.3",
    "PySide6-Essentials==6.4.3",
    "shiboken6==6.4.3",
]

[[package]]
name = "pyside6-addons"
version = "6.4.3"
requires_python = "<3.12,>=3.7"
summary = "Python bindings for the Qt cross-platform application and UI framework (Addons)"
dependencies = [
    "PySide6-Essentials==6.4.3",
    "shiboken6==6.4.3",
]

[[package]]
name = "pyside6-essentials"
version = "6.4.3"
requires_python = "<3.12,>=3.7"
summary = "Python bindings for the Qt cross-platform application and UI framework (Essentials)"
dependencies = [
    "shiboken6==6.4.3",
]

[[package]]
name = "shiboken6"
version = "6.4.3"
requires_python = "<3.12,>=3.7"
summary = "Python/C++ bindings helper module"

[metadata]
lock_version = "4.2"
groups = ["default", "dev"]
content_hash = "sha256:2c71045b5039f5e60d32c8e319b8864e39ee98c97e70721cf97eabd2360c21b9"

[metadata.files]
"pyside6 6.4.3" = [
    {url = "https://files.pythonhosted.org/packages/30/04/3b3e241cbe7cc9c06f40e009d0c242fe87a026f9533cdd343a389b96c972/PySide6-6.4.3-pp39-pypy39_pp73-macosx_10_9_universal2.whl", hash = "sha256:73883c13bc44221507abc2b3d6a7bebbf0e067844f7d0a6e16b2df177aab89d8"},
    {url = "https://files.pythonhosted.org/packages/47/3e/f1aaf54a8c1006c906b4dde734274074ddaf28b91e33e1b8794f4701b121/PySide6-6.4.3-cp37-abi3-manylinux_2_28_x86_64.whl", hash = "sha256:706324dd7a16854073c3b08de608f9ced868d567b8b202a88b7b9985f54ef30c"},
    {url = "https://files.pythonhosted.org/packages/73/0b/1bf7737416412491a2c30c6b054d9b66f0bd1573c0d8b83b4ebff40ab853/PySide6-6.4.3-pp39-pypy39_pp73-manylinux_2_28_x86_64.whl", hash = "sha256:bc37b7790ca69b0813b86d3c70c39db740a0d15dc1fc7dbb8e6a0499a96c6461"},
    {url = "https://files.pythonhosted.org/packages/7e/df/2e961ed8a9308fe1fe5887e7ff4a866ef289ff93840ee42986dad3dbd768/PySide6-6.4.3-cp37-abi3-win_amd64.whl", hash = "sha256:1c1c7e6fb8e2d0fe041e278beefdb033c364e67867565f824d4dc40352906f42"},
    {url = "https://files.pythonhosted.org/packages/84/0d/948b1d19adb554bd7ca726a2c8a4513edaca3c2de795d371868b5fdb063e/PySide6-6.4.3-cp37-abi3-macosx_10_9_universal2.whl", hash = "sha256:1389e818ecf794b52b570e4617c0813865fd9a790ee077fedabbd8aac6da7416"},
    {url = "https://files.pythonhosted.org/packages/86/af/0e27f20f245c5997d3cc5a3f014e81e75a24fcb98022fcbf202aa0c15eff/PySide6-6.4.3-pp39-pypy39_pp73-win_amd64.whl", hash = "sha256:137831ed89f79ff8c68d21457abbee82f61dedacc19bbefc8eb7d80da1703aad"},
]
"pyside6-addons 6.4.3" = [
    {url = "https://files.pythonhosted.org/packages/3b/37/9cfd7a263b4c79a0b3592c5479f881dbca905d0c9737466083a2c68b1710/PySide6_Addons-6.4.3-pp39-pypy39_pp73-manylinux_2_28_x86_64.whl", hash = "sha256:9d9a607b7c233077f907baa326f55759427a3ae47efff0ca19e72007778e15e1"},
    {url = "https://files.pythonhosted.org/packages/62/23/6fa72ec9586e142f1bc0ced6219a42fe75057c59ab59c84f8e836d99fe6e/PySide6_Addons-6.4.3-cp37-abi3-manylinux_2_28_x86_64.whl", hash = "sha256:062593d7810bb53e51c1268b8cba23e47e4600afba0e981a26b57ff05617b1c6"},
    {url = "https://files.pythonhosted.org/packages/73/84/cb254b9365e79ff8c1d043cee7a0ff49bcd33ddbcc8e03bb07d73ff83cbd/PySide6_Addons-6.4.3-pp39-pypy39_pp73-macosx_10_9_universal2.whl", hash = "sha256:b95e6a98b1a71aaa2bc97e4a6a4e18e78d6141ff161eff598a3b85850eaacd4a"},
    {url = "https://files.pythonhosted.org/packages/7d/d2/5a4758942cd2a2df249abad04ca0e910c9435cfb3c6159b615b02de20b1c/PySide6_Addons-6.4.3-cp37-abi3-macosx_10_9_universal2.whl", hash = "sha256:60781372ccf9f9cbc2a1aa7a41318111c92850f2434dbfbf6fa215a89681de1e"},
    {url = "https://files.pythonhosted.org/packages/8d/72/54935a04b44999e714cc0fdcae313b1098ffafe8e44028ef9418c39f3dcf/PySide6_Addons-6.4.3-cp37-abi3-win_amd64.whl", hash = "sha256:493527ed86ee903e496f761da66edc7c237e12a8465d62075fe206b2874585e8"},
    {url = "https://files.pythonhosted.org/packages/fb/f6/ec22e59e4273f87a08ee3792efc2ea5d3bd4841420e6d94f1ca66bac2872/PySide6_Addons-6.4.3-pp39-pypy39_pp73-win_amd64.whl", hash = "sha256:4e0d0ab705a481e7b4714f06b3648818a0ef80404ea976becea43a13280cc7f3"},
]
"pyside6-essentials 6.4.3" = [
    {url = "https://files.pythonhosted.org/packages/0e/2f/8dc433663f18978a6cbe21227792a90f614644cd5eec7ddb94bd2921631d/PySide6_Essentials-6.4.3-cp37-abi3-macosx_10_9_universal2.whl", hash = "sha256:62f7f80e99eaaa3b3f7014170bf01c2fa2e76955805f24c443630abc10793abb"},
    {url = "https://files.pythonhosted.org/packages/23/b4/d571bd553f8ac71956cb29706d0b61bd15d9cbced40bee6b651d8bb74738/PySide6_Essentials-6.4.3-cp37-abi3-win_amd64.whl", hash = "sha256:9e1964de12b6ea351c69032a6e15dcc29f48d561dfd579e67adc15bad3be1d45"},
    {url = "https://files.pythonhosted.org/packages/51/23/44fe28b2b7ee64cb53b72ab3b559cb41986a218e98d1fe298bedf903898e/PySide6_Essentials-6.4.3-cp37-abi3-manylinux_2_28_x86_64.whl", hash = "sha256:7983cf2152dfebf3c2d0767d12e452c4bd0809aa53777fef949a7ff4b0ef8a49"},
    {url = "https://files.pythonhosted.org/packages/97/18/d684679e6e93afd602d684434bca11e6b064b8ba1431ccd0f0129252b662/PySide6_Essentials-6.4.3-pp39-pypy39_pp73-macosx_10_9_universal2.whl", hash = "sha256:c41cbef7a25c67da11b6f6281e60f59c21a198c1da471821e43963e1b8f196f7"},
    {url = "https://files.pythonhosted.org/packages/a2/81/0608491f03a3f4ceb40aa5b9d9934669b60aae42f050b8e473fb3622986f/PySide6_Essentials-6.4.3-pp39-pypy39_pp73-manylinux_2_28_x86_64.whl", hash = "sha256:c07e5c425b8720fe8ecdbd46f36d7ab90ffbe27ac0258fea326dcf153484b3c7"},
    {url = "https://files.pythonhosted.org/packages/ca/4c/8118c904ffb96e3e5435c0ed0a5b20f5c035c5aa536f93220712536b6fe6/PySide6_Essentials-6.4.3-pp39-pypy39_pp73-win_amd64.whl", hash = "sha256:cadd2197f534f7ff55c7718ce50c61ab6d13270449dfde8e27f46b9500b9fe56"},
]
"shiboken6 6.4.3" = [
    {url = "https://files.pythonhosted.org/packages/4e/0c/7917a439bb2be3849629feea596dbecc9ea20bcb953a1b78d9ba600c1c10/shiboken6-6.4.3-pp39-pypy39_pp73-macosx_10_9_universal2.whl", hash = "sha256:6504ed8b01bde387cebc035687deae77a0bddcef3339e2e5b0e5bf9e6258e860"},
    {url = "https://files.pythonhosted.org/packages/75/a6/f341c7189212219468123c124657b0587d7b7b326ceeb477ae54cb4bdc0c/shiboken6-6.4.3-pp39-pypy39_pp73-manylinux_2_28_x86_64.whl", hash = "sha256:73af15fa9f6b7305849116308923d437354ecabefc0546dc514901ec3bae4d89"},
    {url = "https://files.pythonhosted.org/packages/c4/43/a2e263ca97ddeb0f4b5d6c3a0aa79e2c9cf325d20683b7020964e75d41d5/shiboken6-6.4.3-cp37-abi3-macosx_10_9_universal2.whl", hash = "sha256:0b6d6a571131b94546aa784dc00221ba7afc90515354eaae65525753a84b6c4a"},
    {url = "https://files.pythonhosted.org/packages/c5/bb/c517455712ce36556381efca7292d8cdbedbe57710cdbe4c3fb315cd6947/shiboken6-6.4.3-pp39-pypy39_pp73-win_amd64.whl", hash = "sha256:4a63978b1a4ffed32776413a213a0f4e0a7fde2ebe06ac2ac70f99103fed185b"},
    {url = "https://files.pythonhosted.org/packages/d1/79/d7c785476a84b058841f947071bbcb97cc61e1bd33f8d7149e004c75b51d/shiboken6-6.4.3-cp37-abi3-win_amd64.whl", hash = "sha256:0fee602ba02a0d1a6e4d4a69ddc5375ec7bed2ac5b51f06266a919d896517ee5"},
    {url = "https://files.pythonhosted.org/packages/f9/52/4461d3d5cabfaeb56562d72a4b1013ecf1fd7be2ef7bebdc7649d56ab1b8/shiboken6-6.4.3-cp37-abi3-manylinux_2_28_x86_64.whl", hash = "sha256:74570273004d2e481e55618150dfaee7ae253027b438066e216b339fae1e999a"},
]
